
Microsoft Visual Studio Solution File, Format Version 12.00
# Visual Studio 15
VisualStudioVersion = 15.0.27703.2042
MinimumVisualStudioVersion = 10.0.40219.1
Project("{FAE04EC0-301F-11D3-BF4B-00C04F79EFBC}") = "LojadoTioWell", "LojadoTioWell\LojadoTioWell.csproj", "{8F95249C-2451-4EE3-A257-75CB3E842341}"
EndProject
Global
	GlobalSection(SolutionConfigurationPlatforms) = preSolution
		Debug|Any CPU = Debug|Any CPU
		Release|Any CPU = Release|Any CPU
	EndGlobalSection
	GlobalSection(ProjectConfigurationPlatforms) = postSolution
		{8F95249C-2451-4EE3-A257-75CB3E842341}.Debug|Any CPU.ActiveCfg = Debug|Any CPU
		{8F95249C-2451-4EE3-A257-75CB3E842341}.Debug|Any CPU.Build.0 = Debug|Any CPU
		{8F95249C-2451-4EE3-A257-75CB3E842341}.Release|Any CPU.ActiveCfg = Release|Any CPU
		{8F95249C-2451-4EE3-A257-75CB3E842341}.Release|Any CPU.Build.0 = Release|Any CPU
	EndGlobalSection
	GlobalSection(SolutionProperties) = preSolution
		HideSolutionNode = FALSE
	EndGlobalSection
	GlobalSection(ExtensibilityGlobals) = postSolution
		SolutionGuid = {4ECE6979-5C09-4AB7-AA43-E6C36A880FF7}
	EndGlobalSection
EndGlobal
